
Microsoft Visual Studio Solution File, Format Version 12.00
# Visual Studio Version 16
VisualStudioVersion = 16.0.30711.63
MinimumVisualStudioVersion = 10.0.40219.1
Project("{FAE04EC0-301F-11D3-BF4B-00C04F79EFBC}") = "WindowsFormsApp1", "WindowsFormsApp1\WindowsFormsApp1.csproj", "{5F8E989F-08C5-4DBB-BBAD-5E2FD9849ACB}"
EndProject
Project("{FAE04EC0-301F-11D3-BF4B-00C04F79EFBC}") = "MidiPlay", "MidiPlay\MidiPlay.csproj", "{D9D0EDAC-6B56-4CC3-97FC-3B10EDD60B88}"
EndProject
Project("{FAE04EC0-301F-11D3-BF4B-00C04F79EFBC}") = "AI", "D:\Проекты\git\AINetFrame\AI\AI.csproj", "{165D777E-8A8E-450B-891A-9046913B6143}"
EndProject
Project("{FAE04EC0-301F-11D3-BF4B-00C04F79EFBC}") = "SSFTest", "SSFTest\SSFTest.csproj", "{0B0E291A-CA80-4EA9-8374-1128540A747C}"
EndProject
Global
	GlobalSection(SolutionConfigurationPlatforms) = preSolution
		Debug|Any CPU = Debug|Any CPU
		Debug|x64 = Debug|x64
		Debug|x86 = Debug|x86
		Release|Any CPU = Release|Any CPU
		Release|x64 = Release|x64
		Release|x86 = Release|x86
	EndGlobalSection
	GlobalSection(ProjectConfigurationPlatforms) = postSolution
		{5F8E989F-08C5-4DBB-BBAD-5E2FD9849ACB}.Debug|Any CPU.ActiveCfg = Debug|Any CPU
		{5F8E989F-08C5-4DBB-BBAD-5E2FD9849ACB}.Debug|Any CPU.Build.0 = Debug|Any CPU
		{5F8E989F-08C5-4DBB-BBAD-5E2FD9849ACB}.Debug|x64.ActiveCfg = Debug|Any CPU
		{5F8E989F-08C5-4DBB-BBAD-5E2FD9849ACB}.Debug|x64.Build.0 = Debug|Any CPU
		{5F8E989F-08C5-4DBB-BBAD-5E2FD9849ACB}.Debug|x86.ActiveCfg = Debug|Any CPU
		{5F8E989F-08C5-4DBB-BBAD-5E2FD9849ACB}.Debug|x86.Build.0 = Debug|Any CPU
		{5F8E989F-08C5-4DBB-BBAD-5E2FD9849ACB}.Release|Any CPU.ActiveCfg = Release|Any CPU
		{5F8E989F-08C5-4DBB-BBAD-5E2FD9849ACB}.Release|Any CPU.Build.0 = Release|Any CPU
		{5F8E989F-08C5-4DBB-BBAD-5E2FD9849ACB}.Release|x64.ActiveCfg = Release|Any CPU
		{5F8E989F-08C5-4DBB-BBAD-5E2FD9849ACB}.Release|x64.Build.0 = Release|Any CPU
		{5F8E989F-08C5-4DBB-BBAD-5E2FD9849ACB}.Release|x86.ActiveCfg = Release|Any CPU
		{5F8E989F-08C5-4DBB-BBAD-5E2FD9849ACB}.Release|x86.Build.0 = Release|Any CPU
		{D9D0EDAC-6B56-4CC3-97FC-3B10EDD60B88}.Debug|Any CPU.ActiveCfg = Debug|Any CPU
		{D9D0EDAC-6B56-4CC3-97FC-3B10EDD60B88}.Debug|Any CPU.Build.0 = Debug|Any CPU
		{D9D0EDAC-6B56-4CC3-97FC-3B10EDD60B88}.Debug|x64.ActiveCfg = Debug|Any CPU
		{D9D0EDAC-6B56-4CC3-97FC-3B10EDD60B88}.Debug|x64.Build.0 = Debug|Any CPU
		{D9D0EDAC-6B56-4CC3-97FC-3B10EDD60B88}.Debug|x86.ActiveCfg = Debug|Any CPU
		{D9D0EDAC-6B56-4CC3-97FC-3B10EDD60B88}.Debug|x86.Build.0 = Debug|Any CPU
		{D9D0EDAC-6B56-4CC3-97FC-3B10EDD60B88}.Release|Any CPU.ActiveCfg = Release|Any CPU
		{D9D0EDAC-6B56-4CC3-97FC-3B10EDD60B88}.Release|Any CPU.Build.0 = Release|Any CPU
		{D9D0EDAC-6B56-4CC3-97FC-3B10EDD60B88}.Release|x64.ActiveCfg = Release|Any CPU
		{D9D0EDAC-6B56-4CC3-97FC-3B10EDD60B88}.Release|x64.Build.0 = Release|Any CPU
		{D9D0EDAC-6B56-4CC3-97FC-3B10EDD60B88}.Release|x86.ActiveCfg = Release|Any CPU
		{D9D0EDAC-6B56-4CC3-97FC-3B10EDD60B88}.Release|x86.Build.0 = Release|Any CPU
		{165D777E-8A8E-450B-891A-9046913B6143}.Debug|Any CPU.ActiveCfg = Debug|Any CPU
		{165D777E-8A8E-450B-891A-9046913B6143}.Debug|Any CPU.Build.0 = Debug|Any CPU
		{165D777E-8A8E-450B-891A-9046913B6143}.Debug|x64.ActiveCfg = Debug|x64
		{165D777E-8A8E-450B-891A-9046913B6143}.Debug|x64.Build.0 = Debug|x64
		{165D777E-8A8E-450B-891A-9046913B6143}.Debug|x86.ActiveCfg = Debug|x86
		{165D777E-8A8E-450B-891A-9046913B6143}.Debug|x86.Build.0 = Debug|x86
		{165D777E-8A8E-450B-891A-9046913B6143}.Release|Any CPU.ActiveCfg = Release|Any CPU
		{165D777E-8A8E-450B-891A-9046913B6143}.Release|Any CPU.Build.0 = Release|Any CPU
		{165D777E-8A8E-450B-891A-9046913B6143}.Release|x64.ActiveCfg = Release|x64
		{165D777E-8A8E-450B-891A-9046913B6143}.Release|x64.Build.0 = Release|x64
		{165D777E-8A8E-450B-891A-9046913B6143}.Release|x86.ActiveCfg = Release|x86
		{165D777E-8A8E-450B-891A-9046913B6143}.Release|x86.Build.0 = Release|x86
		{0B0E291A-CA80-4EA9-8374-1128540A747C}.Debug|Any CPU.ActiveCfg = Debug|Any CPU
		{0B0E291A-CA80-4EA9-8374-1128540A747C}.Debug|Any CPU.Build.0 = Debug|Any CPU
		{0B0E291A-CA80-4EA9-8374-1128540A747C}.Debug|x64.ActiveCfg = Debug|Any CPU
		{0B0E291A-CA80-4EA9-8374-1128540A747C}.Debug|x64.Build.0 = Debug|Any CPU
		{0B0E291A-CA80-4EA9-8374-1128540A747C}.Debug|x86.ActiveCfg = Debug|Any CPU
		{0B0E291A-CA80-4EA9-8374-1128540A747C}.Debug|x86.Build.0 = Debug|Any CPU
		{0B0E291A-CA80-4EA9-8374-1128540A747C}.Release|Any CPU.ActiveCfg = Release|Any CPU
		{0B0E291A-CA80-4EA9-8374-1128540A747C}.Release|Any CPU.Build.0 = Release|Any CPU
		{0B0E291A-CA80-4EA9-8374-1128540A747C}.Release|x64.ActiveCfg = Release|Any CPU
		{0B0E291A-CA80-4EA9-8374-1128540A747C}.Release|x64.Build.0 = Release|Any CPU
		{0B0E291A-CA80-4EA9-8374-1128540A747C}.Release|x86.ActiveCfg = Release|Any CPU
		{0B0E291A-CA80-4EA9-8374-1128540A747C}.Release|x86.Build.0 = Release|Any CPU
	EndGlobalSection
	GlobalSection(SolutionProperties) = preSolution
		HideSolutionNode = FALSE
	EndGlobalSection
	GlobalSection(ExtensibilityGlobals) = postSolution
		SolutionGuid = {244905FA-4360-4FA4-8D89-E269CD867DE6}
	EndGlobalSection
EndGlobal
